// !$*UTF8*$!
{
	archiveVersion = 1;
	classes = {
	};
	objectVersion = 46;
	objects = {

/* Begin PBXBuildFile section */
		A063CFDF1E79540C0087C8BF /* ZKGifView.swift in Sources */ = {isa = PBXBuildFile; fileRef = A063CFDE1E79540C0087C8BF /* ZKGifView.swift */; };
		A06EA1EE1EA858E4007DAEFA /* String-Extension.swift in Sources */ = {isa = PBXBuildFile; fileRef = A06EA1ED1EA858E4007DAEFA /* String-Extension.swift */; };
		A0918DC51EA71FB600EFF9EB /* ZKProgressHUDConfig.swift in Sources */ = {isa = PBXBuildFile; fileRef = A0918DC41EA71FB600EFF9EB /* ZKProgressHUDConfig.swift */; };
		A0918DC71EA7238400EFF9EB /* ZKProgressHUDAnimationStyle.swift in Sources */ = {isa = PBXBuildFile; fileRef = A0918DC61EA7238400EFF9EB /* ZKProgressHUDAnimationStyle.swift */; };
		A0918DC91EA723DA00EFF9EB /* ZKProgressHUDMaskStyle.swift in Sources */ = {isa = PBXBuildFile; fileRef = A0918DC81EA723DA00EFF9EB /* ZKProgressHUDMaskStyle.swift */; };
		A0918DCB1EA7240600EFF9EB /* ZKProgressHUDType.swift in Sources */ = {isa = PBXBuildFile; fileRef = A0918DCA1EA7240600EFF9EB /* ZKProgressHUDType.swift */; };
		A0918DCD1EA72DB800EFF9EB /* ZKPrigressHUDImageType.swift in Sources */ = {isa = PBXBuildFile; fileRef = A0918DCC1EA72DB800EFF9EB /* ZKPrigressHUDImageType.swift */; };
		A0918DCF1EA759B900EFF9EB /* SelectViewController.swift in Sources */ = {isa = PBXBuildFile; fileRef = A0918DCE1EA759B900EFF9EB /* SelectViewController.swift */; };
		A0918DD11EA796FC00EFF9EB /* UIView-Extension.swift in Sources */ = {isa = PBXBuildFile; fileRef = A0918DD01EA796FC00EFF9EB /* UIView-Extension.swift */; };
		A0918DD31EA7B38700EFF9EB /* loding.gif in Resources */ = {isa = PBXBuildFile; fileRef = A0918DD21EA7B38700EFF9EB /* loding.gif */; };
		A095A8BB1E784EE500261A9B /* ZKProgressView.swift in Sources */ = {isa = PBXBuildFile; fileRef = A095A8BA1E784EE500261A9B /* ZKProgressView.swift */; };
		A0ADABAE1E72B245006C3BD7 /* AppDelegate.swift in Sources */ = {isa = PBXBuildFile; fileRef = A0ADABAD1E72B245006C3BD7 /* AppDelegate.swift */; };
		A0ADABB01E72B245006C3BD7 /* ViewController.swift in Sources */ = {isa = PBXBuildFile; fileRef = A0ADABAF1E72B245006C3BD7 /* ViewController.swift */; };
		A0ADABB51E72B245006C3BD7 /* Assets.xcassets in Resources */ = {isa = PBXBuildFile; fileRef = A0ADABB41E72B245006C3BD7 /* Assets.xcassets */; };
		A0ADABB81E72B245006C3BD7 /* LaunchScreen.storyboard in Resources */ = {isa = PBXBuildFile; fileRef = A0ADABB61E72B245006C3BD7 /* LaunchScreen.storyboard */; };
		A0ADABC51E72B49F006C3BD7 /* ZKProgressHUD.swift in Sources */ = {isa = PBXBuildFile; fileRef = A0ADABC41E72B49F006C3BD7 /* ZKProgressHUD.swift */; };
		A0D3353F1EAB37BB00F22A31 /* ZKAlertViewSwift.swift in Sources */ = {isa = PBXBuildFile; fileRef = A0D3353D1EAB37BB00F22A31 /* ZKAlertViewSwift.swift */; };
		A0D335401EAB37BB00F22A31 /* ZKAlertViewSwiftObject.swift in Sources */ = {isa = PBXBuildFile; fileRef = A0D3353E1EAB37BB00F22A31 /* ZKAlertViewSwiftObject.swift */; };
		A0DF4DD61E773D3800D67231 /* ZKProgressHUD.bundle in Resources */ = {isa = PBXBuildFile; fileRef = A0DF4DD51E773D3800D67231 /* ZKProgressHUD.bundle */; };
		A0DF4DD81E77B85200D67231 /* image@2x.png in Resources */ = {isa = PBXBuildFile; fileRef = A0DF4DD71E77B85200D67231 /* image@2x.png */; };
/* End PBXBuildFile section */

/* Begin PBXFileReference section */
		A063CFDE1E79540C0087C8BF /* ZKGifView.swift */ = {isa = PBXFileReference; fileEncoding = 4; lastKnownFileType = sourcecode.swift; path = ZKGifView.swift; sourceTree = "<group>"; };
		A06EA1ED1EA858E4007DAEFA /* String-Extension.swift */ = {isa = PBXFileReference; fileEncoding = 4; lastKnownFileType = sourcecode.swift; path = "String-Extension.swift"; sourceTree = "<group>"; };
		A0918DC41EA71FB600EFF9EB /* ZKProgressHUDConfig.swift */ = {isa = PBXFileReference; fileEncoding = 4; lastKnownFileType = sourcecode.swift; path = ZKProgressHUDConfig.swift; sourceTree = "<group>"; };
		A0918DC61EA7238400EFF9EB /* ZKProgressHUDAnimationStyle.swift */ = {isa = PBXFileReference; fileEncoding = 4; lastKnownFileType = sourcecode.swift; path = ZKProgressHUDAnimationStyle.swift; sourceTree = "<group>"; };
		A0918DC81EA723DA00EFF9EB /* ZKProgressHUDMaskStyle.swift */ = {isa = PBXFileReference; fileEncoding = 4; lastKnownFileType = sourcecode.swift; path = ZKProgressHUDMaskStyle.swift; sourceTree = "<group>"; };
		A0918DCA1EA7240600EFF9EB /* ZKProgressHUDType.swift */ = {isa = PBXFileReference; fileEncoding = 4; lastKnownFileType = sourcecode.swift; path = ZKProgressHUDType.swift; sourceTree = "<group>"; };
		A0918DCC1EA72DB800EFF9EB /* ZKPrigressHUDImageType.swift */ = {isa = PBXFileReference; fileEncoding = 4; lastKnownFileType = sourcecode.swift; path = ZKPrigressHUDImageType.swift; sourceTree = "<group>"; };
		A0918DCE1EA759B900EFF9EB /* SelectViewController.swift */ = {isa = PBXFileReference; fileEncoding = 4; lastKnownFileType = sourcecode.swift; path = SelectViewController.swift; sourceTree = "<group>"; };
		A0918DD01EA796FC00EFF9EB /* UIView-Extension.swift */ = {isa = PBXFileReference; fileEncoding = 4; lastKnownFileType = sourcecode.swift; path = "UIView-Extension.swift"; sourceTree = "<group>"; };
		A0918DD21EA7B38700EFF9EB /* loding.gif */ = {isa = PBXFileReference; lastKnownFileType = image.gif; path = loding.gif; sourceTree = "<group>"; };
		A095A8BA1E784EE500261A9B /* ZKProgressView.swift */ = {isa = PBXFileReference; fileEncoding = 4; lastKnownFileType = sourcecode.swift; path = ZKProgressView.swift; sourceTree = "<group>"; };
		A0ADABAA1E72B245006C3BD7 /* Demo.app */ = {isa = PBXFileReference; explicitFileType = wrapper.application; includeInIndex = 0; path = Demo.app; sourceTree = BUILT_PRODUCTS_DIR; };
		A0ADABAD1E72B245006C3BD7 /* AppDelegate.swift */ = {isa = PBXFileReference; lastKnownFileType = sourcecode.swift; path = AppDelegate.swift; sourceTree = "<group>"; };
		A0ADABAF1E72B245006C3BD7 /* ViewController.swift */ = {isa = PBXFileReference; lastKnownFileType = sourcecode.swift; path = ViewController.swift; sourceTree = "<group>"; };
		A0ADABB41E72B245006C3BD7 /* Assets.xcassets */ = {isa = PBXFileReference; lastKnownFileType = folder.assetcatalog; path = Assets.xcassets; sourceTree = "<group>"; };
		A0ADABB71E72B245006C3BD7 /* Base */ = {isa = PBXFileReference; lastKnownFileType = file.storyboard; name = Base; path = Base.lproj/LaunchScreen.storyboard; sourceTree = "<group>"; };
		A0ADABB91E72B245006C3BD7 /* Info.plist */ = {isa = PBXFileReference; lastKnownFileType = text.plist.xml; path = Info.plist; sourceTree = "<group>"; };
		A0ADABC41E72B49F006C3BD7 /* ZKProgressHUD.swift */ = {isa = PBXFileReference; fileEncoding = 4; lastKnownFileType = sourcecode.swift; path = ZKProgressHUD.swift; sourceTree = "<group>"; };
		A0D3353D1EAB37BB00F22A31 /* ZKAlertViewSwift.swift */ = {isa = PBXFileReference; fileEncoding = 4; lastKnownFileType = sourcecode.swift; path = ZKAlertViewSwift.swift; sourceTree = "<group>"; };
		A0D3353E1EAB37BB00F22A31 /* ZKAlertViewSwiftObject.swift */ = {isa = PBXFileReference; fileEncoding = 4; lastKnownFileType = sourcecode.swift; path = ZKAlertViewSwiftObject.swift; sourceTree = "<group>"; };
		A0DF4DD51E773D3800D67231 /* ZKProgressHUD.bundle */ = {isa = PBXFileReference; lastKnownFileType = "wrapper.plug-in"; path = ZKProgressHUD.bundle; sourceTree = "<group>"; };
		A0DF4DD71E77B85200D67231 /* image@2x.png */ = {isa = PBXFileReference; lastKnownFileType = image.png; path = "image@2x.png"; sourceTree = "<group>"; };
/* End PBXFileReference section */

/* Begin PBXFrameworksBuildPhase section */
		A0ADABA71E72B245006C3BD7 /* Frameworks */ = {
			isa = PBXFrameworksBuildPhase;
			buildActionMask = 2147483647;
			files = (
			);
			runOnlyForDeploymentPostprocessing = 0;
		};
/* End PBXFrameworksBuildPhase section */

/* Begin PBXGroup section */
		A0ADABA11E72B245006C3BD7 = {
			isa = PBXGroup;
			children = (
				A0918DD21EA7B38700EFF9EB /* loding.gif */,
				A0DF4DD71E77B85200D67231 /* image@2x.png */,
				A0ADABC31E72B49F006C3BD7 /* ZKProgressHUD */,
				A0ADABAC1E72B245006C3BD7 /* Demo */,
				A0ADABAB1E72B245006C3BD7 /* Products */,
			);
			sourceTree = "<group>";
		};
		A0ADABAB1E72B245006C3BD7 /* Products */ = {
			isa = PBXGroup;
			children = (
				A0ADABAA1E72B245006C3BD7 /* Demo.app */,
			);
			name = Products;
			sourceTree = "<group>";
		};
		A0ADABAC1E72B245006C3BD7 /* Demo */ = {
			isa = PBXGroup;
			children = (
				A0D3353C1EAB37BB00F22A31 /* ZKAlertViewSwift */,
				A0ADABAD1E72B245006C3BD7 /* AppDelegate.swift */,
				A0ADABAF1E72B245006C3BD7 /* ViewController.swift */,
				A0918DCE1EA759B900EFF9EB /* SelectViewController.swift */,
				A0ADABB41E72B245006C3BD7 /* Assets.xcassets */,
				A0ADABB61E72B245006C3BD7 /* LaunchScreen.storyboard */,
				A0ADABB91E72B245006C3BD7 /* Info.plist */,
			);
			path = Demo;
			sourceTree = "<group>";
		};
		A0ADABC31E72B49F006C3BD7 /* ZKProgressHUD */ = {
			isa = PBXGroup;
			children = (
				A0ADABC41E72B49F006C3BD7 /* ZKProgressHUD.swift */,
				A063CFDE1E79540C0087C8BF /* ZKGifView.swift */,
				A095A8BA1E784EE500261A9B /* ZKProgressView.swift */,
				A0918DC41EA71FB600EFF9EB /* ZKProgressHUDConfig.swift */,
				A0918DCA1EA7240600EFF9EB /* ZKProgressHUDType.swift */,
				A0918DCC1EA72DB800EFF9EB /* ZKPrigressHUDImageType.swift */,
				A0918DC81EA723DA00EFF9EB /* ZKProgressHUDMaskStyle.swift */,
				A0918DC61EA7238400EFF9EB /* ZKProgressHUDAnimationStyle.swift */,
				A06EA1ED1EA858E4007DAEFA /* String-Extension.swift */,
				A0918DD01EA796FC00EFF9EB /* UIView-Extension.swift */,
				A0DF4DD51E773D3800D67231 /* ZKProgressHUD.bundle */,
			);
			name = ZKProgressHUD;
			path = ../ZKProgressHUD;
			sourceTree = "<group>";
		};
		A0D3353C1EAB37BB00F22A31 /* ZKAlertViewSwift */ = {
			isa = PBXGroup;
			children = (
				A0D3353D1EAB37BB00F22A31 /* ZKAlertViewSwift.swift */,
				A0D3353E1EAB37BB00F22A31 /* ZKAlertViewSwiftObject.swift */,
			);
			path = ZKAlertViewSwift;
			sourceTree = "<group>";
		};
/* End PBXGroup section */

/* Begin PBXNativeTarget section */
		A0ADABA91E72B245006C3BD7 /* Demo */ = {
			isa = PBXNativeTarget;
			buildConfigurationList = A0ADABBC1E72B245006C3BD7 /* Build configuration list for PBXNativeTarget "Demo" */;
			buildPhases = (
				A0ADABA61E72B245006C3BD7 /* Sources */,
				A0ADABA71E72B245006C3BD7 /* Frameworks */,
				A0ADABA81E72B245006C3BD7 /* Resources */,
			);
			buildRules = (
			);
			dependencies = (
			);
			name = Demo;
			productName = Demo;
			productReference = A0ADABAA1E72B245006C3BD7 /* Demo.app */;
			productType = "com.apple.product-type.application";
		};
/* End PBXNativeTarget section */

/* Begin PBXProject section */
		A0ADABA21E72B245006C3BD7 /* Project object */ = {
			isa = PBXProject;
			attributes = {
				LastSwiftUpdateCheck = 0820;
				LastUpgradeCheck = 0820;
				ORGANIZATIONNAME = WangWenzhuang;
				TargetAttributes = {
					A0ADABA91E72B245006C3BD7 = {
						CreatedOnToolsVersion = 8.2.1;
						DevelopmentTeam = 6JC6FUR8YE;
						ProvisioningStyle = Automatic;
					};
				};
			};
			buildConfigurationList = A0ADABA51E72B245006C3BD7 /* Build configuration list for PBXProject "Demo" */;
			compatibilityVersion = "Xcode 3.2";
			developmentRegion = English;
			hasScannedForEncodings = 0;
			knownRegions = (
				en,
				Base,
			);
			mainGroup = A0ADABA11E72B245006C3BD7;
			productRefGroup = A0ADABAB1E72B245006C3BD7 /* Products */;
			projectDirPath = "";
			projectRoot = "";
			targets = (
				A0ADABA91E72B245006C3BD7 /* Demo */,
			);
		};
/* End PBXProject section */

/* Begin PBXResourcesBuildPhase section */
		A0ADABA81E72B245006C3BD7 /* Resources */ = {
			isa = PBXResourcesBuildPhase;
			buildActionMask = 2147483647;
			files = (
				A0DF4DD81E77B85200D67231 /* image@2x.png in Resources */,
				A0ADABB81E72B245006C3BD7 /* LaunchScreen.storyboard in Resources */,
				A0ADABB51E72B245006C3BD7 /* Assets.xcassets in Resources */,
				A0918DD31EA7B38700EFF9EB /* loding.gif in Resources */,
				A0DF4DD61E773D3800D67231 /* ZKProgressHUD.bundle in Resources */,
			);
			runOnlyForDeploymentPostprocessing = 0;
		};
/* End PBXResourcesBuildPhase section */

/* Begin PBXSourcesBuildPhase section */
		A0ADABA61E72B245006C3BD7 /* Sources */ = {
			isa = PBXSourcesBuildPhase;
			buildActionMask = 2147483647;
			files = (
				A0918DD11EA796FC00EFF9EB /* UIView-Extension.swift in Sources */,
				A095A8BB1E784EE500261A9B /* ZKProgressView.swift in Sources */,
				A0D3353F1EAB37BB00F22A31 /* ZKAlertViewSwift.swift in Sources */,
				A0918DC51EA71FB600EFF9EB /* ZKProgressHUDConfig.swift in Sources */,
				A0ADABC51E72B49F006C3BD7 /* ZKProgressHUD.swift in Sources */,
				A0918DCB1EA7240600EFF9EB /* ZKProgressHUDType.swift in Sources */,
				A063CFDF1E79540C0087C8BF /* ZKGifView.swift in Sources */,
				A0918DC71EA7238400EFF9EB /* ZKProgressHUDAnimationStyle.swift in Sources */,
				A0918DCF1EA759B900EFF9EB /* SelectViewController.swift in Sources */,
				A0ADABB01E72B245006C3BD7 /* ViewController.swift in Sources */,
				A06EA1EE1EA858E4007DAEFA /* String-Extension.swift in Sources */,
				A0ADABAE1E72B245006C3BD7 /* AppDelegate.swift in Sources */,
				A0918DC91EA723DA00EFF9EB /* ZKProgressHUDMaskStyle.swift in Sources */,
				A0D335401EAB37BB00F22A31 /* ZKAlertViewSwiftObject.swift in Sources */,
				A0918DCD1EA72DB800EFF9EB /* ZKPrigressHUDImageType.swift in Sources */,
			);
			runOnlyForDeploymentPostprocessing = 0;
		};
/* End PBXSourcesBuildPhase section */

/* Begin PBXVariantGroup section */
		A0ADABB61E72B245006C3BD7 /* LaunchScreen.storyboard */ = {
			isa = PBXVariantGroup;
			children = (
				A0ADABB71E72B245006C3BD7 /* Base */,
			);
			name = LaunchScreen.storyboard;
			sourceTree = "<group>";
		};
/* End PBXVariantGroup section */

/* Begin XCBuildConfiguration section */
		A0ADABBA1E72B245006C3BD7 /* Debug */ = {
			isa = XCBuildConfiguration;
			buildSettings = {
				ALWAYS_SEARCH_USER_PATHS = NO;
				CLANG_ANALYZER_NONNULL = YES;
				CLANG_CXX_LANGUAGE_STANDARD = "gnu++0x";
				CLANG_CXX_LIBRARY = "libc++";
				CLANG_ENABLE_MODULES = YES;
				CLANG_ENABLE_OBJC_ARC = YES;
				CLANG_WARN_BOOL_CONVERSION = YES;
				CLANG_WARN_CONSTANT_CONVERSION = YES;
				CLANG_WARN_DIRECT_OBJC_ISA_USAGE = YES_ERROR;
				CLANG_WARN_DOCUMENTATION_COMMENTS = YES;
				CLANG_WARN_EMPTY_BODY = YES;
				CLANG_WARN_ENUM_CONVERSION = YES;
				CLANG_WARN_INFINITE_RECURSION = YES;
				CLANG_WARN_INT_CONVERSION = YES;
				CLANG_WARN_OBJC_ROOT_CLASS = YES_ERROR;
				CLANG_WARN_SUSPICIOUS_MOVE = YES;
				CLANG_WARN_UNREACHABLE_CODE = YES;
				CLANG_WARN__DUPLICATE_METHOD_MATCH = YES;
				"CODE_SIGN_IDENTITY[sdk=iphoneos*]" = "iPhone Developer";
				COPY_PHASE_STRIP = NO;
				DEBUG_INFORMATION_FORMAT = dwarf;
				ENABLE_STRICT_OBJC_MSGSEND = YES;
				ENABLE_TESTABILITY = YES;
				GCC_C_LANGUAGE_STANDARD = gnu99;
				GCC_DYNAMIC_NO_PIC = NO;
				GCC_NO_COMMON_BLOCKS = YES;
				GCC_OPTIMIZATION_LEVEL = 0;
				GCC_PREPROCESSOR_DEFINITIONS = (
					"DEBUG=1",
					"$(inherited)",
				);
				GCC_WARN_64_TO_32_BIT_CONVERSION = YES;
				GCC_WARN_ABOUT_RETURN_TYPE = YES_ERROR;
				GCC_WARN_UNDECLARED_SELECTOR = YES;
				GCC_WARN_UNINITIALIZED_AUTOS = YES_AGGRESSIVE;
				GCC_WARN_UNUSED_FUNCTION = YES;
				GCC_WARN_UNUSED_VARIABLE = YES;
				IPHONEOS_DEPLOYMENT_TARGET = 10.2;
				MTL_ENABLE_DEBUG_INFO = YES;
				ONLY_ACTIVE_ARCH = YES;
				SDKROOT = iphoneos;
				SWIFT_ACTIVE_COMPILATION_CONDITIONS = DEBUG;
				SWIFT_OPTIMIZATION_LEVEL = "-Onone";
			};
			name = Debug;
		};
		A0ADABBB1E72B245006C3BD7 /* Release */ = {
			isa = XCBuildConfiguration;
			buildSettings = {
				ALWAYS_SEARCH_USER_PATHS = NO;
				CLANG_ANALYZER_NONNULL = YES;
				CLANG_CXX_LANGUAGE_STANDARD = "gnu++0x";
				CLANG_CXX_LIBRARY = "libc++";
				CLANG_ENABLE_MODULES = YES;
				CLANG_ENABLE_OBJC_ARC = YES;
				CLANG_WARN_BOOL_CONVERSION = YES;
				CLANG_WARN_CONSTANT_CONVERSION = YES;
				CLANG_WARN_DIRECT_OBJC_ISA_USAGE = YES_ERROR;
				CLANG_WARN_DOCUMENTATION_COMMENTS = YES;
				CLANG_WARN_EMPTY_BODY = YES;
				CLANG_WARN_ENUM_CONVERSION = YES;
				CLANG_WARN_INFINITE_RECURSION = YES;
				CLANG_WARN_INT_CONVERSION = YES;
				CLANG_WARN_OBJC_ROOT_CLASS = YES_ERROR;
				CLANG_WARN_SUSPICIOUS_MOVE = YES;
				CLANG_WARN_UNREACHABLE_CODE = YES;
				CLANG_WARN__DUPLICATE_METHOD_MATCH = YES;
				"CODE_SIGN_IDENTITY[sdk=iphoneos*]" = "iPhone Developer";
				COPY_PHASE_STRIP = NO;
				DEBUG_INFORMATION_FORMAT = "dwarf-with-dsym";
				ENABLE_NS_ASSERTIONS = NO;
				ENABLE_STRICT_OBJC_MSGSEND = YES;
				GCC_C_LANGUAGE_STANDARD = gnu99;
				GCC_NO_COMMON_BLOCKS = YES;
				GCC_WARN_64_TO_32_BIT_CONVERSION = YES;
				GCC_WARN_ABOUT_RETURN_TYPE = YES_ERROR;
				GCC_WARN_UNDECLARED_SELECTOR = YES;
				GCC_WARN_UNINITIALIZED_AUTOS = YES_AGGRESSIVE;
				GCC_WARN_UNUSED_FUNCTION = YES;
				GCC_WARN_UNUSED_VARIABLE = YES;
				IPHONEOS_DEPLOYMENT_TARGET = 10.2;
				MTL_ENABLE_DEBUG_INFO = NO;
				SDKROOT = iphoneos;
				SWIFT_OPTIMIZATION_LEVEL = "-Owholemodule";
				VALIDATE_PRODUCT = YES;
			};
			name = Release;
		};
		A0ADABBD1E72B245006C3BD7 /* Debug */ = {
			isa = XCBuildConfiguration;
			buildSettings = {
				ASSETCATALOG_COMPILER_APPICON_NAME = AppIcon;
				DEVELOPMENT_TEAM = 6JC6FUR8YE;
				INFOPLIST_FILE = Demo/Info.plist;
				IPHONEOS_DEPLOYMENT_TARGET = 8.0;
				LD_RUNPATH_SEARCH_PATHS = "$(inherited) @executable_path/Frameworks";
				PRODUCT_BUNDLE_IDENTIFIER = com.wangwenzhuang.ZKProgressHUD;
				PRODUCT_NAME = "$(TARGET_NAME)";
				SWIFT_VERSION = 3.0;
			};
			name = Debug;
		};
		A0ADABBE1E72B245006C3BD7 /* Release */ = {
			isa = XCBuildConfiguration;
			buildSettings = {
				ASSETCATALOG_COMPILER_APPICON_NAME = AppIcon;
				DEVELOPMENT_TEAM = 6JC6FUR8YE;
				INFOPLIST_FILE = Demo/Info.plist;
				IPHONEOS_DEPLOYMENT_TARGET = 8.0;
				LD_RUNPATH_SEARCH_PATHS = "$(inherited) @executable_path/Frameworks";
				PRODUCT_BUNDLE_IDENTIFIER = com.wangwenzhuang.ZKProgressHUD;
				PRODUCT_NAME = "$(TARGET_NAME)";
				SWIFT_VERSION = 3.0;
			};
			name = Release;
		};
/* End XCBuildConfiguration section */

/* Begin XCConfigurationList section */
		A0ADABA51E72B245006C3BD7 /* Build configuration list for PBXProject "Demo" */ = {
			isa = XCConfigurationList;
			buildConfigurations = (
				A0ADABBA1E72B245006C3BD7 /* Debug */,
				A0ADABBB1E72B245006C3BD7 /* Release */,
			);
			defaultConfigurationIsVisible = 0;
			defaultConfigurationName = Release;
		};
		A0ADABBC1E72B245006C3BD7 /* Build configuration list for PBXNativeTarget "Demo" */ = {
			isa = XCConfigurationList;
			buildConfigurations = (
				A0ADABBD1E72B245006C3BD7 /* Debug */,
				A0ADABBE1E72B245006C3BD7 /* Release */,
			);
			defaultConfigurationIsVisible = 0;
			defaultConfigurationName = Release;
		};
/* End XCConfigurationList section */
	};
	rootObject = A0ADABA21E72B245006C3BD7 /* Project object */;
}
